
Microsoft Visual Studio Solution File, Format Version 10.00
# Visual C++ Express 2008
Project("{8BC9CEB8-8B4A-11D0-8D11-00A0C91BC942}") = "jz_core", "jz_core.vcproj", "{88BB38BA-4232-4141-CA06-7EDA201ADDC5}"
EndProject
Project("{8BC9CEB8-8B4A-11D0-8D11-00A0C91BC942}") = "jz_system", "jz_system.vcproj", "{BBBB38BA-4232-4141-6606-7EEA201ADDC5}"
EndProject
Project("{8BC9CEB8-8B4A-11D0-8D11-00A0C91BC942}") = "zlib", "zlib.vcproj", "{BBBB38BA-4232-4141-CA06-66A201ADD500}"
EndProject
Project("{8BC9CEB8-8B4A-11D0-8D11-00A0C91BC942}") = "lua", "lua.vcproj", "{BBBB38BA-4232-4141-CA06-33A201BBD500}"
EndProject
Project("{8BC9CEB8-8B4A-11D0-8D11-00A0C91BC942}") = "jz_engine_3D", "jz_engine_3D.vcproj", "{AABB38BA-7138-4141-DDD6-7EDA201ADDC5}"
EndProject
Project("{8BC9CEB8-8B4A-11D0-8D11-00A0C91BC942}") = "jz_app_3D", "jz_app_3D.vcproj", "{FF5758BA-BA32-6957-CA06-22DA201BBDC5}"
	ProjectSection(ProjectDependencies) = postProject
		{312B38BA-4232-4141-CA06-77A201BBD500} = {312B38BA-4232-4141-CA06-77A201BBD500}
		{325738BA-8932-4141-3306-666A201EEDC5} = {325738BA-8932-4141-3306-666A201EEDC5}
		{77BB38BA-4232-3441-CA06-6BDA201ADDC5} = {77BB38BA-4232-3441-CA06-6BDA201ADDC5}
		{88BB38BA-4232-4141-CA06-7EDA201ADDC5} = {88BB38BA-4232-4141-CA06-7EDA201ADDC5}
		{AABB38BA-7138-4141-DDD6-7EDA201ADDC5} = {AABB38BA-7138-4141-DDD6-7EDA201ADDC5}
		{BBBB38BA-4232-4141-6606-7EEA201ADDC5} = {BBBB38BA-4232-4141-6606-7EEA201ADDC5}
		{BBBB38BA-4232-4141-CA06-66A201ADD500} = {BBBB38BA-4232-4141-CA06-66A201ADD500}
		{BBBB38BA-4232-4155-6606-33EA201AEEC5} = {BBBB38BA-4232-4155-6606-33EA201AEEC5}
		{0CCB38BA-0555-0000-0000-000003451000} = {0CCB38BA-0555-0000-0000-000003451000}
		{12B568BA-4232-3441-7106-EFDA121ADDC5} = {12B568BA-4232-3441-7106-EFDA121ADDC5}
		{77B568BA-4232-3441-7106-CDDA201ADDC5} = {77B568BA-4232-3441-7106-CDDA201ADDC5}
	EndProjectSection
EndProject
Project("{8BC9CEB8-8B4A-11D0-8D11-00A0C91BC942}") = "jz_sail", "jz_sail.vcproj", "{BBBB38BA-4232-4155-6606-33EA201AEEC5}"
EndProject
Project("{8BC9CEB8-8B4A-11D0-8D11-00A0C91BC942}") = "jz_ai", "jz_ai.vcproj", "{553338BA-7732-4141-BB06-555A201EEDC5}"
EndProject
Project("{8BC9CEB8-8B4A-11D0-8D11-00A0C91BC942}") = "jz_sound", "jz_sound.vcproj", "{BB3338BA-7732-4141-BB06-FF5A20132DC5}"
EndProject
Project("{8BC9CEB8-8B4A-11D0-8D11-00A0C91BC942}") = "jz_pathfinding", "jz_pathfinding.vcproj", "{CC5738BA-8932-4141-3306-555A201EEDC5}"
EndProject
Project("{8BC9CEB8-8B4A-11D0-8D11-00A0C91BC942}") = "jz_test", "jz_test.vcproj", "{FF3318BA-BA32-6957-CA06-45DA201ADDC5}"
	ProjectSection(ProjectDependencies) = postProject
		{88BB38BA-4232-4141-CA06-7EDA201ADDC5} = {88BB38BA-4232-4141-CA06-7EDA201ADDC5}
		{BBBB38BA-4232-4141-6606-7EEA201ADDC5} = {BBBB38BA-4232-4141-6606-7EEA201ADDC5}
		{BBBB38BA-4232-4141-CA06-66A201ADD500} = {BBBB38BA-4232-4141-CA06-66A201ADD500}
	EndProjectSection
EndProject
Project("{8BC9CEB8-8B4A-11D0-8D11-00A0C91BC942}") = "jz_filesystem", "jz_filesystem.vcproj", "{C53338BA-7732-4141-BB06-775A201EED86}"
EndProject
Project("{8BC9CEB8-8B4A-11D0-8D11-00A0C91BC942}") = "jz_graphics_opengl", "jz_graphics_opengl.vcproj", "{77BB38BA-1232-7841-CA06-6BDA233ADDC5}"
EndProject
Project("{8BC9CEB8-8B4A-11D0-8D11-00A0C91BC942}") = "jz_graphics", "jz_graphics.vcproj", "{77B568BA-4232-3441-7106-CDDA201ADDC5}"
EndProject
Project("{8BC9CEB8-8B4A-11D0-8D11-00A0C91BC942}") = "jz_graphics_directx9", "jz_graphics_directx9.vcproj", "{77BB38BA-4232-3441-CA06-6BDA201ADDC5}"
EndProject
Project("{8BC9CEB8-8B4A-11D0-8D11-00A0C91BC942}") = "jz_physics", "jz_physics.vcproj", "{0CCB38BA-0555-0000-0000-000003451000}"
EndProject
Project("{8BC9CEB8-8B4A-11D0-8D11-00A0C91BC942}") = "jz_gui", "jz_gui.vcproj", "{12B568BA-4232-3441-7106-EFDA121ADDC5}"
EndProject
Project("{8BC9CEB8-8B4A-11D0-8D11-00A0C91BC942}") = "freetype", "freetype.vcproj", "{312B38BA-4232-4141-CA06-77A201BBD500}"
EndProject
Project("{8BC9CEB8-8B4A-11D0-8D11-00A0C91BC942}") = "jz_gi", "jz_gi.vcproj", "{325738BA-8932-4141-3306-666A201EEDC5}"
EndProject
Global
	GlobalSection(SolutionConfigurationPlatforms) = preSolution
		Debug|Win32 = Debug|Win32
		Profiling|Win32 = Profiling|Win32
		Release|Win32 = Release|Win32
	EndGlobalSection
	GlobalSection(ProjectConfigurationPlatforms) = postSolution
		{88BB38BA-4232-4141-CA06-7EDA201ADDC5}.Debug|Win32.ActiveCfg = Debug|Win32
		{88BB38BA-4232-4141-CA06-7EDA201ADDC5}.Debug|Win32.Build.0 = Debug|Win32
		{88BB38BA-4232-4141-CA06-7EDA201ADDC5}.Profiling|Win32.ActiveCfg = Profiling|Win32
		{88BB38BA-4232-4141-CA06-7EDA201ADDC5}.Profiling|Win32.Build.0 = Profiling|Win32
		{88BB38BA-4232-4141-CA06-7EDA201ADDC5}.Release|Win32.ActiveCfg = Release|Win32
		{88BB38BA-4232-4141-CA06-7EDA201ADDC5}.Release|Win32.Build.0 = Release|Win32
		{BBBB38BA-4232-4141-6606-7EEA201ADDC5}.Debug|Win32.ActiveCfg = Debug|Win32
		{BBBB38BA-4232-4141-6606-7EEA201ADDC5}.Debug|Win32.Build.0 = Debug|Win32
		{BBBB38BA-4232-4141-6606-7EEA201ADDC5}.Profiling|Win32.ActiveCfg = Profiling|Win32
		{BBBB38BA-4232-4141-6606-7EEA201ADDC5}.Profiling|Win32.Build.0 = Profiling|Win32
		{BBBB38BA-4232-4141-6606-7EEA201ADDC5}.Release|Win32.ActiveCfg = Release|Win32
		{BBBB38BA-4232-4141-6606-7EEA201ADDC5}.Release|Win32.Build.0 = Release|Win32
		{BBBB38BA-4232-4141-CA06-66A201ADD500}.Debug|Win32.ActiveCfg = Debug|Win32
		{BBBB38BA-4232-4141-CA06-66A201ADD500}.Debug|Win32.Build.0 = Debug|Win32
		{BBBB38BA-4232-4141-CA06-66A201ADD500}.Profiling|Win32.ActiveCfg = Profiling|Win32
		{BBBB38BA-4232-4141-CA06-66A201ADD500}.Profiling|Win32.Build.0 = Profiling|Win32
		{BBBB38BA-4232-4141-CA06-66A201ADD500}.Release|Win32.ActiveCfg = Release|Win32
		{BBBB38BA-4232-4141-CA06-66A201ADD500}.Release|Win32.Build.0 = Release|Win32
		{BBBB38BA-4232-4141-CA06-33A201BBD500}.Debug|Win32.ActiveCfg = Debug|Win32
		{BBBB38BA-4232-4141-CA06-33A201BBD500}.Debug|Win32.Build.0 = Debug|Win32
		{BBBB38BA-4232-4141-CA06-33A201BBD500}.Profiling|Win32.ActiveCfg = Profiling|Win32
		{BBBB38BA-4232-4141-CA06-33A201BBD500}.Profiling|Win32.Build.0 = Profiling|Win32
		{BBBB38BA-4232-4141-CA06-33A201BBD500}.Release|Win32.ActiveCfg = Release|Win32
		{BBBB38BA-4232-4141-CA06-33A201BBD500}.Release|Win32.Build.0 = Release|Win32
		{AABB38BA-7138-4141-DDD6-7EDA201ADDC5}.Debug|Win32.ActiveCfg = Debug|Win32
		{AABB38BA-7138-4141-DDD6-7EDA201ADDC5}.Debug|Win32.Build.0 = Debug|Win32
		{AABB38BA-7138-4141-DDD6-7EDA201ADDC5}.Profiling|Win32.ActiveCfg = Profiling|Win32
		{AABB38BA-7138-4141-DDD6-7EDA201ADDC5}.Profiling|Win32.Build.0 = Profiling|Win32
		{AABB38BA-7138-4141-DDD6-7EDA201ADDC5}.Release|Win32.ActiveCfg = Release|Win32
		{AABB38BA-7138-4141-DDD6-7EDA201ADDC5}.Release|Win32.Build.0 = Release|Win32
		{FF5758BA-BA32-6957-CA06-22DA201BBDC5}.Debug|Win32.ActiveCfg = Debug|Win32
		{FF5758BA-BA32-6957-CA06-22DA201BBDC5}.Debug|Win32.Build.0 = Debug|Win32
		{FF5758BA-BA32-6957-CA06-22DA201BBDC5}.Profiling|Win32.ActiveCfg = Profiling|Win32
		{FF5758BA-BA32-6957-CA06-22DA201BBDC5}.Profiling|Win32.Build.0 = Profiling|Win32
		{FF5758BA-BA32-6957-CA06-22DA201BBDC5}.Release|Win32.ActiveCfg = Release|Win32
		{FF5758BA-BA32-6957-CA06-22DA201BBDC5}.Release|Win32.Build.0 = Release|Win32
		{BBBB38BA-4232-4155-6606-33EA201AEEC5}.Debug|Win32.ActiveCfg = Debug|Win32
		{BBBB38BA-4232-4155-6606-33EA201AEEC5}.Debug|Win32.Build.0 = Debug|Win32
		{BBBB38BA-4232-4155-6606-33EA201AEEC5}.Profiling|Win32.ActiveCfg = Profiling|Win32
		{BBBB38BA-4232-4155-6606-33EA201AEEC5}.Profiling|Win32.Build.0 = Profiling|Win32
		{BBBB38BA-4232-4155-6606-33EA201AEEC5}.Release|Win32.ActiveCfg = Release|Win32
		{BBBB38BA-4232-4155-6606-33EA201AEEC5}.Release|Win32.Build.0 = Release|Win32
		{553338BA-7732-4141-BB06-555A201EEDC5}.Debug|Win32.ActiveCfg = Debug|Win32
		{553338BA-7732-4141-BB06-555A201EEDC5}.Debug|Win32.Build.0 = Debug|Win32
		{553338BA-7732-4141-BB06-555A201EEDC5}.Profiling|Win32.ActiveCfg = Profiling|Win32
		{553338BA-7732-4141-BB06-555A201EEDC5}.Profiling|Win32.Build.0 = Profiling|Win32
		{553338BA-7732-4141-BB06-555A201EEDC5}.Release|Win32.ActiveCfg = Release|Win32
		{553338BA-7732-4141-BB06-555A201EEDC5}.Release|Win32.Build.0 = Release|Win32
		{BB3338BA-7732-4141-BB06-FF5A20132DC5}.Debug|Win32.ActiveCfg = Debug|Win32
		{BB3338BA-7732-4141-BB06-FF5A20132DC5}.Debug|Win32.Build.0 = Debug|Win32
		{BB3338BA-7732-4141-BB06-FF5A20132DC5}.Profiling|Win32.ActiveCfg = Profiling|Win32
		{BB3338BA-7732-4141-BB06-FF5A20132DC5}.Profiling|Win32.Build.0 = Profiling|Win32
		{BB3338BA-7732-4141-BB06-FF5A20132DC5}.Release|Win32.ActiveCfg = Release|Win32
		{BB3338BA-7732-4141-BB06-FF5A20132DC5}.Release|Win32.Build.0 = Release|Win32
		{CC5738BA-8932-4141-3306-555A201EEDC5}.Debug|Win32.ActiveCfg = Debug|Win32
		{CC5738BA-8932-4141-3306-555A201EEDC5}.Debug|Win32.Build.0 = Debug|Win32
		{CC5738BA-8932-4141-3306-555A201EEDC5}.Profiling|Win32.ActiveCfg = Profiling|Win32
		{CC5738BA-8932-4141-3306-555A201EEDC5}.Profiling|Win32.Build.0 = Profiling|Win32
		{CC5738BA-8932-4141-3306-555A201EEDC5}.Release|Win32.ActiveCfg = Release|Win32
		{CC5738BA-8932-4141-3306-555A201EEDC5}.Release|Win32.Build.0 = Release|Win32
		{FF3318BA-BA32-6957-CA06-45DA201ADDC5}.Debug|Win32.ActiveCfg = Debug|Win32
		{FF3318BA-BA32-6957-CA06-45DA201ADDC5}.Debug|Win32.Build.0 = Debug|Win32
		{FF3318BA-BA32-6957-CA06-45DA201ADDC5}.Profiling|Win32.ActiveCfg = Profiling|Win32
		{FF3318BA-BA32-6957-CA06-45DA201ADDC5}.Profiling|Win32.Build.0 = Profiling|Win32
		{FF3318BA-BA32-6957-CA06-45DA201ADDC5}.Release|Win32.ActiveCfg = Release|Win32
		{FF3318BA-BA32-6957-CA06-45DA201ADDC5}.Release|Win32.Build.0 = Release|Win32
		{C53338BA-7732-4141-BB06-775A201EED86}.Debug|Win32.ActiveCfg = Debug|Win32
		{C53338BA-7732-4141-BB06-775A201EED86}.Debug|Win32.Build.0 = Debug|Win32
		{C53338BA-7732-4141-BB06-775A201EED86}.Profiling|Win32.ActiveCfg = Profiling|Win32
		{C53338BA-7732-4141-BB06-775A201EED86}.Profiling|Win32.Build.0 = Profiling|Win32
		{C53338BA-7732-4141-BB06-775A201EED86}.Release|Win32.ActiveCfg = Release|Win32
		{C53338BA-7732-4141-BB06-775A201EED86}.Release|Win32.Build.0 = Release|Win32
		{77BB38BA-1232-7841-CA06-6BDA233ADDC5}.Debug|Win32.ActiveCfg = Debug|Win32
		{77BB38BA-1232-7841-CA06-6BDA233ADDC5}.Debug|Win32.Build.0 = Debug|Win32
		{77BB38BA-1232-7841-CA06-6BDA233ADDC5}.Profiling|Win32.ActiveCfg = Profiling|Win32
		{77BB38BA-1232-7841-CA06-6BDA233ADDC5}.Profiling|Win32.Build.0 = Profiling|Win32
		{77BB38BA-1232-7841-CA06-6BDA233ADDC5}.Release|Win32.ActiveCfg = Release|Win32
		{77BB38BA-1232-7841-CA06-6BDA233ADDC5}.Release|Win32.Build.0 = Release|Win32
		{77B568BA-4232-3441-7106-CDDA201ADDC5}.Debug|Win32.ActiveCfg = Debug|Win32
		{77B568BA-4232-3441-7106-CDDA201ADDC5}.Debug|Win32.Build.0 = Debug|Win32
		{77B568BA-4232-3441-7106-CDDA201ADDC5}.Profiling|Win32.ActiveCfg = Profiling|Win32
		{77B568BA-4232-3441-7106-CDDA201ADDC5}.Profiling|Win32.Build.0 = Profiling|Win32
		{77B568BA-4232-3441-7106-CDDA201ADDC5}.Release|Win32.ActiveCfg = Release|Win32
		{77B568BA-4232-3441-7106-CDDA201ADDC5}.Release|Win32.Build.0 = Release|Win32
		{77BB38BA-4232-3441-CA06-6BDA201ADDC5}.Debug|Win32.ActiveCfg = Debug|Win32
		{77BB38BA-4232-3441-CA06-6BDA201ADDC5}.Debug|Win32.Build.0 = Debug|Win32
		{77BB38BA-4232-3441-CA06-6BDA201ADDC5}.Profiling|Win32.ActiveCfg = Profiling|Win32
		{77BB38BA-4232-3441-CA06-6BDA201ADDC5}.Profiling|Win32.Build.0 = Profiling|Win32
		{77BB38BA-4232-3441-CA06-6BDA201ADDC5}.Release|Win32.ActiveCfg = Release|Win32
		{77BB38BA-4232-3441-CA06-6BDA201ADDC5}.Release|Win32.Build.0 = Release|Win32
		{0CCB38BA-0555-0000-0000-000003451000}.Debug|Win32.ActiveCfg = Debug|Win32
		{0CCB38BA-0555-0000-0000-000003451000}.Debug|Win32.Build.0 = Debug|Win32
		{0CCB38BA-0555-0000-0000-000003451000}.Profiling|Win32.ActiveCfg = Profiling|Win32
		{0CCB38BA-0555-0000-0000-000003451000}.Profiling|Win32.Build.0 = Profiling|Win32
		{0CCB38BA-0555-0000-0000-000003451000}.Release|Win32.ActiveCfg = Release|Win32
		{0CCB38BA-0555-0000-0000-000003451000}.Release|Win32.Build.0 = Release|Win32
		{12B568BA-4232-3441-7106-EFDA121ADDC5}.Debug|Win32.ActiveCfg = Debug|Win32
		{12B568BA-4232-3441-7106-EFDA121ADDC5}.Debug|Win32.Build.0 = Debug|Win32
		{12B568BA-4232-3441-7106-EFDA121ADDC5}.Profiling|Win32.ActiveCfg = Profiling|Win32
		{12B568BA-4232-3441-7106-EFDA121ADDC5}.Profiling|Win32.Build.0 = Profiling|Win32
		{12B568BA-4232-3441-7106-EFDA121ADDC5}.Release|Win32.ActiveCfg = Release|Win32
		{12B568BA-4232-3441-7106-EFDA121ADDC5}.Release|Win32.Build.0 = Release|Win32
		{312B38BA-4232-4141-CA06-77A201BBD500}.Debug|Win32.ActiveCfg = Debug|Win32
		{312B38BA-4232-4141-CA06-77A201BBD500}.Debug|Win32.Build.0 = Debug|Win32
		{312B38BA-4232-4141-CA06-77A201BBD500}.Profiling|Win32.ActiveCfg = Profiling|Win32
		{312B38BA-4232-4141-CA06-77A201BBD500}.Profiling|Win32.Build.0 = Profiling|Win32
		{312B38BA-4232-4141-CA06-77A201BBD500}.Release|Win32.ActiveCfg = Release|Win32
		{312B38BA-4232-4141-CA06-77A201BBD500}.Release|Win32.Build.0 = Release|Win32
		{325738BA-8932-4141-3306-666A201EEDC5}.Debug|Win32.ActiveCfg = Debug|Win32
		{325738BA-8932-4141-3306-666A201EEDC5}.Debug|Win32.Build.0 = Debug|Win32
		{325738BA-8932-4141-3306-666A201EEDC5}.Profiling|Win32.ActiveCfg = Profiling|Win32
		{325738BA-8932-4141-3306-666A201EEDC5}.Profiling|Win32.Build.0 = Profiling|Win32
		{325738BA-8932-4141-3306-666A201EEDC5}.Release|Win32.ActiveCfg = Release|Win32
		{325738BA-8932-4141-3306-666A201EEDC5}.Release|Win32.Build.0 = Release|Win32
	EndGlobalSection
	GlobalSection(SolutionProperties) = preSolution
		HideSolutionNode = FALSE
	EndGlobalSection
EndGlobal
